
Microsoft Visual Studio Solution File, Format Version 12.00
# Visual Studio Version 16
VisualStudioVersion = 16.0.31702.278
MinimumVisualStudioVersion = 10.0.40219.1
Project("{9A19103F-16F7-4668-BE54-9A1E7A4F7556}") = "TalepWebProject.Entities", "TalepWebProject.Entities\TalepWebProject.Entities.csproj", "{4A76D756-1418-430D-97FC-4CDA8002C948}"
EndProject
Project("{9A19103F-16F7-4668-BE54-9A1E7A4F7556}") = "TalepWebProject.WebAPI", "TalepWebProject.WebAPI\TalepWebProject.WebAPI.csproj", "{CB2B2545-27B7-42A2-8249-61EE2BEF978C}"
EndProject
Project("{9A19103F-16F7-4668-BE54-9A1E7A4F7556}") = "TalepWebProject.MVC", "TalepWebProject.MVC\TalepWebProject.MVC.csproj", "{5F170AE7-C55E-4DB1-BA33-F6BDD0EBC36C}"
EndProject
Global
	GlobalSection(SolutionConfigurationPlatforms) = preSolution
		Debug|Any CPU = Debug|Any CPU
		Release|Any CPU = Release|Any CPU
	EndGlobalSection
	GlobalSection(ProjectConfigurationPlatforms) = postSolution
		{4A76D756-1418-430D-97FC-4CDA8002C948}.Debug|Any CPU.ActiveCfg = Debug|Any CPU
		{4A76D756-1418-430D-97FC-4CDA8002C948}.Debug|Any CPU.Build.0 = Debug|Any CPU
		{4A76D756-1418-430D-97FC-4CDA8002C948}.Release|Any CPU.ActiveCfg = Release|Any CPU
		{4A76D756-1418-430D-97FC-4CDA8002C948}.Release|Any CPU.Build.0 = Release|Any CPU
		{CB2B2545-27B7-42A2-8249-61EE2BEF978C}.Debug|Any CPU.ActiveCfg = Debug|Any CPU
		{CB2B2545-27B7-42A2-8249-61EE2BEF978C}.Debug|Any CPU.Build.0 = Debug|Any CPU
		{CB2B2545-27B7-42A2-8249-61EE2BEF978C}.Release|Any CPU.ActiveCfg = Release|Any CPU
		{CB2B2545-27B7-42A2-8249-61EE2BEF978C}.Release|Any CPU.Build.0 = Release|Any CPU
		{5F170AE7-C55E-4DB1-BA33-F6BDD0EBC36C}.Debug|Any CPU.ActiveCfg = Debug|Any CPU
		{5F170AE7-C55E-4DB1-BA33-F6BDD0EBC36C}.Debug|Any CPU.Build.0 = Debug|Any CPU
		{5F170AE7-C55E-4DB1-BA33-F6BDD0EBC36C}.Release|Any CPU.ActiveCfg = Release|Any CPU
		{5F170AE7-C55E-4DB1-BA33-F6BDD0EBC36C}.Release|Any CPU.Build.0 = Release|Any CPU
	EndGlobalSection
	GlobalSection(SolutionProperties) = preSolution
		HideSolutionNode = FALSE
	EndGlobalSection
	GlobalSection(ExtensibilityGlobals) = postSolution
		SolutionGuid = {25DC82E2-E1FB-4136-8A2B-D663E83BECF7}
	EndGlobalSection
EndGlobal
